
Microsoft Visual Studio Solution File, Format Version 12.00
# Visual Studio Version 17
VisualStudioVersion = 17.2.32526.322
MinimumVisualStudioVersion = 10.0.40219.1
Project("{9A19103F-16F7-4668-BE54-9A1E7A4F7556}") = "FBXSharp", "FBXSharp\FBXSharp.csproj", "{2C18892C-49F1-40CE-AE8E-1B79383D6854}"
EndProject
Project("{FAE04EC0-301F-11D3-BF4B-00C04F79EFBC}") = "net471", "..\net471\net471\net471.csproj", "{FE29A40D-70CE-4C77-9E90-7EC65275E905}"
EndProject
Global
	GlobalSection(SolutionConfigurationPlatforms) = preSolution
		Debug|Any CPU = Debug|Any CPU
		Release|Any CPU = Release|Any CPU
	EndGlobalSection
	GlobalSection(ProjectConfigurationPlatforms) = postSolution
		{2C18892C-49F1-40CE-AE8E-1B79383D6854}.Debug|Any CPU.ActiveCfg = Debug|Any CPU
		{2C18892C-49F1-40CE-AE8E-1B79383D6854}.Debug|Any CPU.Build.0 = Debug|Any CPU
		{2C18892C-49F1-40CE-AE8E-1B79383D6854}.Release|Any CPU.ActiveCfg = Release|Any CPU
		{2C18892C-49F1-40CE-AE8E-1B79383D6854}.Release|Any CPU.Build.0 = Release|Any CPU
		{FE29A40D-70CE-4C77-9E90-7EC65275E905}.Debug|Any CPU.ActiveCfg = Debug|Any CPU
		{FE29A40D-70CE-4C77-9E90-7EC65275E905}.Debug|Any CPU.Build.0 = Debug|Any CPU
		{FE29A40D-70CE-4C77-9E90-7EC65275E905}.Release|Any CPU.ActiveCfg = Release|Any CPU
		{FE29A40D-70CE-4C77-9E90-7EC65275E905}.Release|Any CPU.Build.0 = Release|Any CPU
	EndGlobalSection
	GlobalSection(SolutionProperties) = preSolution
		HideSolutionNode = FALSE
	EndGlobalSection
	GlobalSection(ExtensibilityGlobals) = postSolution
		SolutionGuid = {EF5EE538-9A48-482F-BDEE-90E6DEAB37FD}
	EndGlobalSection
EndGlobal
